// !$*UTF8*$!
{
	archiveVersion = 1;
	classes = {
	};
	objectVersion = 46;
	objects = {

/* Begin PBXBuildFile section */
		05DAD8351DA5D19B002DFD55 /* AppDelegate.swift in Sources */ = {isa = PBXBuildFile; fileRef = 05DAD8341DA5D19B002DFD55 /* AppDelegate.swift */; };
		05DAD8371DA5D19B002DFD55 /* ViewController.swift in Sources */ = {isa = PBXBuildFile; fileRef = 05DAD8361DA5D19B002DFD55 /* ViewController.swift */; };
		05DAD83A1DA5D19B002DFD55 /* Main.storyboard in Resources */ = {isa = PBXBuildFile; fileRef = 05DAD8381DA5D19B002DFD55 /* Main.storyboard */; };
		05DAD83C1DA5D19B002DFD55 /* Assets.xcassets in Resources */ = {isa = PBXBuildFile; fileRef = 05DAD83B1DA5D19B002DFD55 /* Assets.xcassets */; };
		05DAD83F1DA5D19B002DFD55 /* LaunchScreen.storyboard in Resources */ = {isa = PBXBuildFile; fileRef = 05DAD83D1DA5D19B002DFD55 /* LaunchScreen.storyboard */; };
		05DAD84A1DA5D19B002DFD55 /* location2Tests.swift in Sources */ = {isa = PBXBuildFile; fileRef = 05DAD8491DA5D19B002DFD55 /* location2Tests.swift */; };
		05DAD8551DA5D19B002DFD55 /* location2UITests.swift in Sources */ = {isa = PBXBuildFile; fileRef = 05DAD8541DA5D19B002DFD55 /* location2UITests.swift */; };
/* End PBXBuildFile section */

/* Begin PBXContainerItemProxy section */
		05DAD8461DA5D19B002DFD55 /* PBXContainerItemProxy */ = {
			isa = PBXContainerItemProxy;
			containerPortal = 05DAD8291DA5D19B002DFD55 /* Project object */;
			proxyType = 1;
			remoteGlobalIDString = 05DAD8301DA5D19B002DFD55;
			remoteInfo = location2;
		};
		05DAD8511DA5D19B002DFD55 /* PBXContainerItemProxy */ = {
			isa = PBXContainerItemProxy;
			containerPortal = 05DAD8291DA5D19B002DFD55 /* Project object */;
			proxyType = 1;
			remoteGlobalIDString = 05DAD8301DA5D19B002DFD55;
			remoteInfo = location2;
		};
/* End PBXContainerItemProxy section */

/* Begin PBXFileReference section */
		05DAD8311DA5D19B002DFD55 /* location2.app */ = {isa = PBXFileReference; explicitFileType = wrapper.application; includeInIndex = 0; path = location2.app; sourceTree = BUILT_PRODUCTS_DIR; };
		05DAD8341DA5D19B002DFD55 /* AppDelegate.swift */ = {isa = PBXFileReference; lastKnownFileType = sourcecode.swift; path = AppDelegate.swift; sourceTree = "<group>"; };
		05DAD8361DA5D19B002DFD55 /* ViewController.swift */ = {isa = PBXFileReference; lastKnownFileType = sourcecode.swift; path = ViewController.swift; sourceTree = "<group>"; };
		05DAD8391DA5D19B002DFD55 /* Base */ = {isa = PBXFileReference; lastKnownFileType = file.storyboard; name = Base; path = Base.lproj/Main.storyboard; sourceTree = "<group>"; };
		05DAD83B1DA5D19B002DFD55 /* Assets.xcassets */ = {isa = PBXFileReference; lastKnownFileType = folder.assetcatalog; path = Assets.xcassets; sourceTree = "<group>"; };
		05DAD83E1DA5D19B002DFD55 /* Base */ = {isa = PBXFileReference; lastKnownFileType = file.storyboard; name = Base; path = Base.lproj/LaunchScreen.storyboard; sourceTree = "<group>"; };
		05DAD8401DA5D19B002DFD55 /* Info.plist */ = {isa = PBXFileReference; lastKnownFileType = text.plist.xml; path = Info.plist; sourceTree = "<group>"; };
		05DAD8451DA5D19B002DFD55 /* location2Tests.xctest */ = {isa = PBXFileReference; explicitFileType = wrapper.cfbundle; includeInIndex = 0; path = location2Tests.xctest; sourceTree = BUILT_PRODUCTS_DIR; };
		05DAD8491DA5D19B002DFD55 /* location2Tests.swift */ = {isa = PBXFileReference; lastKnownFileType = sourcecode.swift; path = location2Tests.swift; sourceTree = "<group>"; };
		05DAD84B1DA5D19B002DFD55 /* Info.plist */ = {isa = PBXFileReference; lastKnownFileType = text.plist.xml; path = Info.plist; sourceTree = "<group>"; };
		05DAD8501DA5D19B002DFD55 /* location2UITests.xctest */ = {isa = PBXFileReference; explicitFileType = wrapper.cfbundle; includeInIndex = 0; path = location2UITests.xctest; sourceTree = BUILT_PRODUCTS_DIR; };
		05DAD8541DA5D19B002DFD55 /* location2UITests.swift */ = {isa = PBXFileReference; lastKnownFileType = sourcecode.swift; path = location2UITests.swift; sourceTree = "<group>"; };
		05DAD8561DA5D19B002DFD55 /* Info.plist */ = {isa = PBXFileReference; lastKnownFileType = text.plist.xml; path = Info.plist; sourceTree = "<group>"; };
/* End PBXFileReference section */

/* Begin PBXFrameworksBuildPhase section */
		05DAD82E1DA5D19B002DFD55 /* Frameworks */ = {
			isa = PBXFrameworksBuildPhase;
			buildActionMask = 2147483647;
			files = (
			);
			runOnlyForDeploymentPostprocessing = 0;
		};
		05DAD8421DA5D19B002DFD55 /* Frameworks */ = {
			isa = PBXFrameworksBuildPhase;
			buildActionMask = 2147483647;
			files = (
			);
			runOnlyForDeploymentPostprocessing = 0;
		};
		05DAD84D1DA5D19B002DFD55 /* Frameworks */ = {
			isa = PBXFrameworksBuildPhase;
			buildActionMask = 2147483647;
			files = (
			);
			runOnlyForDeploymentPostprocessing = 0;
		};
/* End PBXFrameworksBuildPhase section */

/* Begin PBXGroup section */
		05DAD8281DA5D19B002DFD55 = {
			isa = PBXGroup;
			children = (
				05DAD8331DA5D19B002DFD55 /* location2 */,
				05DAD8481DA5D19B002DFD55 /* location2Tests */,
				05DAD8531DA5D19B002DFD55 /* location2UITests */,
				05DAD8321DA5D19B002DFD55 /* Products */,
			);
			sourceTree = "<group>";
		};
		05DAD8321DA5D19B002DFD55 /* Products */ = {
			isa = PBXGroup;
			children = (
				05DAD8311DA5D19B002DFD55 /* location2.app */,
				05DAD8451DA5D19B002DFD55 /* location2Tests.xctest */,
				05DAD8501DA5D19B002DFD55 /* location2UITests.xctest */,
			);
			name = Products;
			sourceTree = "<group>";
		};
		05DAD8331DA5D19B002DFD55 /* location2 */ = {
			isa = PBXGroup;
			children = (
				05DAD8341DA5D19B002DFD55 /* AppDelegate.swift */,
				05DAD8361DA5D19B002DFD55 /* ViewController.swift */,
				05DAD8381DA5D19B002DFD55 /* Main.storyboard */,
				05DAD83B1DA5D19B002DFD55 /* Assets.xcassets */,
				05DAD83D1DA5D19B002DFD55 /* LaunchScreen.storyboard */,
				05DAD8401DA5D19B002DFD55 /* Info.plist */,
			);
			path = location2;
			sourceTree = "<group>";
		};
		05DAD8481DA5D19B002DFD55 /* location2Tests */ = {
			isa = PBXGroup;
			children = (
				05DAD8491DA5D19B002DFD55 /* location2Tests.swift */,
				05DAD84B1DA5D19B002DFD55 /* Info.plist */,
			);
			path = location2Tests;
			sourceTree = "<group>";
		};
		05DAD8531DA5D19B002DFD55 /* location2UITests */ = {
			isa = PBXGroup;
			children = (
				05DAD8541DA5D19B002DFD55 /* location2UITests.swift */,
				05DAD8561DA5D19B002DFD55 /* Info.plist */,
			);
			path = location2UITests;
			sourceTree = "<group>";
		};
/* End PBXGroup section */

/* Begin PBXNativeTarget section */
		05DAD8301DA5D19B002DFD55 /* location2 */ = {
			isa = PBXNativeTarget;
			buildConfigurationList = 05DAD8591DA5D19B002DFD55 /* Build configuration list for PBXNativeTarget "location2" */;
			buildPhases = (
				05DAD82D1DA5D19B002DFD55 /* Sources */,
				05DAD82E1DA5D19B002DFD55 /* Frameworks */,
				05DAD82F1DA5D19B002DFD55 /* Resources */,
			);
			buildRules = (
			);
			dependencies = (
			);
			name = location2;
			productName = location2;
			productReference = 05DAD8311DA5D19B002DFD55 /* location2.app */;
			productType = "com.apple.product-type.application";
		};
		05DAD8441DA5D19B002DFD55 /* location2Tests */ = {
			isa = PBXNativeTarget;
			buildConfigurationList = 05DAD85C1DA5D19B002DFD55 /* Build configuration list for PBXNativeTarget "location2Tests" */;
			buildPhases = (
				05DAD8411DA5D19B002DFD55 /* Sources */,
				05DAD8421DA5D19B002DFD55 /* Frameworks */,
				05DAD8431DA5D19B002DFD55 /* Resources */,
			);
			buildRules = (
			);
			dependencies = (
				05DAD8471DA5D19B002DFD55 /* PBXTargetDependency */,
			);
			name = location2Tests;
			productName = location2Tests;
			productReference = 05DAD8451DA5D19B002DFD55 /* location2Tests.xctest */;
			productType = "com.apple.product-type.bundle.unit-test";
		};
		05DAD84F1DA5D19B002DFD55 /* location2UITests */ = {
			isa = PBXNativeTarget;
			buildConfigurationList = 05DAD85F1DA5D19B002DFD55 /* Build configuration list for PBXNativeTarget "location2UITests" */;
			buildPhases = (
				05DAD84C1DA5D19B002DFD55 /* Sources */,
				05DAD84D1DA5D19B002DFD55 /* Frameworks */,
				05DAD84E1DA5D19B002DFD55 /* Resources */,
			);
			buildRules = (
			);
			dependencies = (
				05DAD8521DA5D19B002DFD55 /* PBXTargetDependency */,
			);
			name = location2UITests;
			productName = location2UITests;
			productReference = 05DAD8501DA5D19B002DFD55 /* location2UITests.xctest */;
			productType = "com.apple.product-type.bundle.ui-testing";
		};
/* End PBXNativeTarget section */

/* Begin PBXProject section */
		05DAD8291DA5D19B002DFD55 /* Project object */ = {
			isa = PBXProject;
			attributes = {
				LastSwiftUpdateCheck = 0800;
				LastUpgradeCheck = 0800;
				ORGANIZATIONNAME = "Sergio Contreras";
				TargetAttributes = {
					05DAD8301DA5D19B002DFD55 = {
						CreatedOnToolsVersion = 8.0;
						DevelopmentTeam = HAT7T5U6XQ;
						ProvisioningStyle = Automatic;
					};
					05DAD8441DA5D19B002DFD55 = {
						CreatedOnToolsVersion = 8.0;
						DevelopmentTeam = LK428H279M;
						ProvisioningStyle = Automatic;
						TestTargetID = 05DAD8301DA5D19B002DFD55;
					};
					05DAD84F1DA5D19B002DFD55 = {
						CreatedOnToolsVersion = 8.0;
						DevelopmentTeam = LK428H279M;
						ProvisioningStyle = Automatic;
						TestTargetID = 05DAD8301DA5D19B002DFD55;
					};
				};
			};
			buildConfigurationList = 05DAD82C1DA5D19B002DFD55 /* Build configuration list for PBXProject "location2" */;
			compatibilityVersion = "Xcode 3.2";
			developmentRegion = English;
			hasScannedForEncodings = 0;
			knownRegions = (
				en,
				Base,
			);
			mainGroup = 05DAD8281DA5D19B002DFD55;
			productRefGroup = 05DAD8321DA5D19B002DFD55 /* Products */;
			projectDirPath = "";
			projectRoot = "";
			targets = (
				05DAD8301DA5D19B002DFD55 /* location2 */,
				05DAD8441DA5D19B002DFD55 /* location2Tests */,
				05DAD84F1DA5D19B002DFD55 /* location2UITests */,
			);
		};
/* End PBXProject section */

/* Begin PBXResourcesBuildPhase section */
		05DAD82F1DA5D19B002DFD55 /* Resources */ = {
			isa = PBXResourcesBuildPhase;
			buildActionMask = 2147483647;
			files = (
				05DAD83F1DA5D19B002DFD55 /* LaunchScreen.storyboard in Resources */,
				05DAD83C1DA5D19B002DFD55 /* Assets.xcassets in Resources */,
				05DAD83A1DA5D19B002DFD55 /* Main.storyboard in Resources */,
			);
			runOnlyForDeploymentPostprocessing = 0;
		};
		05DAD8431DA5D19B002DFD55 /* Resources */ = {
			isa = PBXResourcesBuildPhase;
			buildActionMask = 2147483647;
			files = (
			);
			runOnlyForDeploymentPostprocessing = 0;
		};
		05DAD84E1DA5D19B002DFD55 /* Resources */ = {
			isa = PBXResourcesBuildPhase;
			buildActionMask = 2147483647;
			files = (
			);
			runOnlyForDeploymentPostprocessing = 0;
		};
/* End PBXResourcesBuildPhase section */

/* Begin PBXSourcesBuildPhase section */
		05DAD82D1DA5D19B002DFD55 /* Sources */ = {
			isa = PBXSourcesBuildPhase;
			buildActionMask = 2147483647;
			files = (
				05DAD8371DA5D19B002DFD55 /* ViewController.swift in Sources */,
				05DAD8351DA5D19B002DFD55 /* AppDelegate.swift in Sources */,
			);
			runOnlyForDeploymentPostprocessing = 0;
		};
		05DAD8411DA5D19B002DFD55 /* Sources */ = {
			isa = PBXSourcesBuildPhase;
			buildActionMask = 2147483647;
			files = (
				05DAD84A1DA5D19B002DFD55 /* location2Tests.swift in Sources */,
			);
			runOnlyForDeploymentPostprocessing = 0;
		};
		05DAD84C1DA5D19B002DFD55 /* Sources */ = {
			isa = PBXSourcesBuildPhase;
			buildActionMask = 2147483647;
			files = (
				05DAD8551DA5D19B002DFD55 /* location2UITests.swift in Sources */,
			);
			runOnlyForDeploymentPostprocessing = 0;
		};
/* End PBXSourcesBuildPhase section */

/* Begin PBXTargetDependency section */
		05DAD8471DA5D19B002DFD55 /* PBXTargetDependency */ = {
			isa = PBXTargetDependency;
			target = 05DAD8301DA5D19B002DFD55 /* location2 */;
			targetProxy = 05DAD8461DA5D19B002DFD55 /* PBXContainerItemProxy */;
		};
		05DAD8521DA5D19B002DFD55 /* PBXTargetDependency */ = {
			isa = PBXTargetDependency;
			target = 05DAD8301DA5D19B002DFD55 /* location2 */;
			targetProxy = 05DAD8511DA5D19B002DFD55 /* PBXContainerItemProxy */;
		};
/* End PBXTargetDependency section */

/* Begin PBXVariantGroup section */
		05DAD8381DA5D19B002DFD55 /* Main.storyboard */ = {
			isa = PBXVariantGroup;
			children = (
				05DAD8391DA5D19B002DFD55 /* Base */,
			);
			name = Main.storyboard;
			sourceTree = "<group>";
		};
		05DAD83D1DA5D19B002DFD55 /* LaunchScreen.storyboard */ = {
			isa = PBXVariantGroup;
			children = (
				05DAD83E1DA5D19B002DFD55 /* Base */,
			);
			name = LaunchScreen.storyboard;
			sourceTree = "<group>";
		};
/* End PBXVariantGroup section */

/* Begin XCBuildConfiguration section */
		05DAD8571DA5D19B002DFD55 /* Debug */ = {
			isa = XCBuildConfiguration;
			buildSettings = {
				ALWAYS_SEARCH_USER_PATHS = NO;
				CLANG_ANALYZER_NONNULL = YES;
				CLANG_CXX_LANGUAGE_STANDARD = "gnu++0x";
				CLANG_CXX_LIBRARY = "libc++";
				CLANG_ENABLE_MODULES = YES;
				CLANG_ENABLE_OBJC_ARC = YES;
				CLANG_WARN_BOOL_CONVERSION = YES;
				CLANG_WARN_CONSTANT_CONVERSION = YES;
				CLANG_WARN_DIRECT_OBJC_ISA_USAGE = YES_ERROR;
				CLANG_WARN_DOCUMENTATION_COMMENTS = YES;
				CLANG_WARN_EMPTY_BODY = YES;
				CLANG_WARN_ENUM_CONVERSION = YES;
				CLANG_WARN_INFINITE_RECURSION = YES;
				CLANG_WARN_INT_CONVERSION = YES;
				CLANG_WARN_OBJC_ROOT_CLASS = YES_ERROR;
				CLANG_WARN_SUSPICIOUS_MOVES = YES;
				CLANG_WARN_UNREACHABLE_CODE = YES;
				CLANG_WARN__DUPLICATE_METHOD_MATCH = YES;
				"CODE_SIGN_IDENTITY[sdk=iphoneos*]" = "iPhone Developer";
				COPY_PHASE_STRIP = NO;
				DEBUG_INFORMATION_FORMAT = dwarf;
				ENABLE_STRICT_OBJC_MSGSEND = YES;
				ENABLE_TESTABILITY = YES;
				GCC_C_LANGUAGE_STANDARD = gnu99;
				GCC_DYNAMIC_NO_PIC = NO;
				GCC_NO_COMMON_BLOCKS = YES;
				GCC_OPTIMIZATION_LEVEL = 0;
				GCC_PREPROCESSOR_DEFINITIONS = (
					"DEBUG=1",
					"$(inherited)",
				);
				GCC_WARN_64_TO_32_BIT_CONVERSION = YES;
				GCC_WARN_ABOUT_RETURN_TYPE = YES_ERROR;
				GCC_WARN_UNDECLARED_SELECTOR = YES;
				GCC_WARN_UNINITIALIZED_AUTOS = YES_AGGRESSIVE;
				GCC_WARN_UNUSED_FUNCTION = YES;
				GCC_WARN_UNUSED_VARIABLE = YES;
				IPHONEOS_DEPLOYMENT_TARGET = 10.0;
				MTL_ENABLE_DEBUG_INFO = YES;
				ONLY_ACTIVE_ARCH = YES;
				SDKROOT = iphoneos;
				SWIFT_ACTIVE_COMPILATION_CONDITIONS = DEBUG;
				SWIFT_OPTIMIZATION_LEVEL = "-Onone";
				TARGETED_DEVICE_FAMILY = "1,2";
			};
			name = Debug;
		};
		05DAD8581DA5D19B002DFD55 /* Release */ = {
			isa = XCBuildConfiguration;
			buildSettings = {
				ALWAYS_SEARCH_USER_PATHS = NO;
				CLANG_ANALYZER_NONNULL = YES;
				CLANG_CXX_LANGUAGE_STANDARD = "gnu++0x";
				CLANG_CXX_LIBRARY = "libc++";
				CLANG_ENABLE_MODULES = YES;
				CLANG_ENABLE_OBJC_ARC = YES;
				CLANG_WARN_BOOL_CONVERSION = YES;
				CLANG_WARN_CONSTANT_CONVERSION = YES;
				CLANG_WARN_DIRECT_OBJC_ISA_USAGE = YES_ERROR;
				CLANG_WARN_DOCUMENTATION_COMMENTS = YES;
				CLANG_WARN_EMPTY_BODY = YES;
				CLANG_WARN_ENUM_CONVERSION = YES;
				CLANG_WARN_INFINITE_RECURSION = YES;
				CLANG_WARN_INT_CONVERSION = YES;
				CLANG_WARN_OBJC_ROOT_CLASS = YES_ERROR;
				CLANG_WARN_SUSPICIOUS_MOVES = YES;
				CLANG_WARN_UNREACHABLE_CODE = YES;
				CLANG_WARN__DUPLICATE_METHOD_MATCH = YES;
				"CODE_SIGN_IDENTITY[sdk=iphoneos*]" = "iPhone Developer";
				COPY_PHASE_STRIP = NO;
				DEBUG_INFORMATION_FORMAT = "dwarf-with-dsym";
				ENABLE_NS_ASSERTIONS = NO;
				ENABLE_STRICT_OBJC_MSGSEND = YES;
				GCC_C_LANGUAGE_STANDARD = gnu99;
				GCC_NO_COMMON_BLOCKS = YES;
				GCC_WARN_64_TO_32_BIT_CONVERSION = YES;
				GCC_WARN_ABOUT_RETURN_TYPE = YES_ERROR;
				GCC_WARN_UNDECLARED_SELECTOR = YES;
				GCC_WARN_UNINITIALIZED_AUTOS = YES_AGGRESSIVE;
				GCC_WARN_UNUSED_FUNCTION = YES;
				GCC_WARN_UNUSED_VARIABLE = YES;
				IPHONEOS_DEPLOYMENT_TARGET = 10.0;
				MTL_ENABLE_DEBUG_INFO = NO;
				SDKROOT = iphoneos;
				SWIFT_OPTIMIZATION_LEVEL = "-Owholemodule";
				TARGETED_DEVICE_FAMILY = "1,2";
				VALIDATE_PRODUCT = YES;
			};
			name = Release;
		};
		05DAD85A1DA5D19B002DFD55 /* Debug */ = {
			isa = XCBuildConfiguration;
			buildSettings = {
				ASSETCATALOG_COMPILER_APPICON_NAME = AppIcon;
				DEVELOPMENT_TEAM = HAT7T5U6XQ;
				INFOPLIST_FILE = location2/Info.plist;
				LD_RUNPATH_SEARCH_PATHS = "$(inherited) @executable_path/Frameworks";
				PRODUCT_BUNDLE_IDENTIFIER = trc.location2;
				PRODUCT_NAME = "$(TARGET_NAME)";
				SWIFT_VERSION = 3.0;
			};
			name = Debug;
		};
		05DAD85B1DA5D19B002DFD55 /* Release */ = {
			isa = XCBuildConfiguration;
			buildSettings = {
				ASSETCATALOG_COMPILER_APPICON_NAME = AppIcon;
				DEVELOPMENT_TEAM = HAT7T5U6XQ;
				INFOPLIST_FILE = location2/Info.plist;
				LD_RUNPATH_SEARCH_PATHS = "$(inherited) @executable_path/Frameworks";
				PRODUCT_BUNDLE_IDENTIFIER = trc.location2;
				PRODUCT_NAME = "$(TARGET_NAME)";
				SWIFT_VERSION = 3.0;
			};
			name = Release;
		};
		05DAD85D1DA5D19B002DFD55 /* Debug */ = {
			isa = XCBuildConfiguration;
			buildSettings = {
				ALWAYS_EMBED_SWIFT_STANDARD_LIBRARIES = YES;
				BUNDLE_LOADER = "$(TEST_HOST)";
				DEVELOPMENT_TEAM = LK428H279M;
				INFOPLIST_FILE = location2Tests/Info.plist;
				LD_RUNPATH_SEARCH_PATHS = "$(inherited) @executable_path/Frameworks @loader_path/Frameworks";
				PRODUCT_BUNDLE_IDENTIFIER = trc.location2Tests;
				PRODUCT_NAME = "$(TARGET_NAME)";
				SWIFT_VERSION = 3.0;
				TEST_HOST = "$(BUILT_PRODUCTS_DIR)/location2.app/location2";
			};
			name = Debug;
		};
		05DAD85E1DA5D19B002DFD55 /* Release */ = {
			isa = XCBuildConfiguration;
			buildSettings = {
				ALWAYS_EMBED_SWIFT_STANDARD_LIBRARIES = YES;
				BUNDLE_LOADER = "$(TEST_HOST)";
				DEVELOPMENT_TEAM = LK428H279M;
				INFOPLIST_FILE = location2Tests/Info.plist;
				LD_RUNPATH_SEARCH_PATHS = "$(inherited) @executable_path/Frameworks @loader_path/Frameworks";
				PRODUCT_BUNDLE_IDENTIFIER = trc.location2Tests;
				PRODUCT_NAME = "$(TARGET_NAME)";
				SWIFT_VERSION = 3.0;
				TEST_HOST = "$(BUILT_PRODUCTS_DIR)/location2.app/location2";
			};
			name = Release;
		};
		05DAD8601DA5D19B002DFD55 /* Debug */ = {
			isa = XCBuildConfiguration;
			buildSettings = {
				ALWAYS_EMBED_SWIFT_STANDARD_LIBRARIES = YES;
				DEVELOPMENT_TEAM = LK428H279M;
				INFOPLIST_FILE = location2UITests/Info.plist;
				LD_RUNPATH_SEARCH_PATHS = "$(inherited) @executable_path/Frameworks @loader_path/Frameworks";
				PRODUCT_BUNDLE_IDENTIFIER = trc.location2UITests;
				PRODUCT_NAME = "$(TARGET_NAME)";
				SWIFT_VERSION = 3.0;
				TEST_TARGET_NAME = location2;
			};
			name = Debug;
		};
		05DAD8611DA5D19B002DFD55 /* Release */ = {
			isa = XCBuildConfiguration;
			buildSettings = {
				ALWAYS_EMBED_SWIFT_STANDARD_LIBRARIES = YES;
				DEVELOPMENT_TEAM = LK428H279M;
				INFOPLIST_FILE = location2UITests/Info.plist;
				LD_RUNPATH_SEARCH_PATHS = "$(inherited) @executable_path/Frameworks @loader_path/Frameworks";
				PRODUCT_BUNDLE_IDENTIFIER = trc.location2UITests;
				PRODUCT_NAME = "$(TARGET_NAME)";
				SWIFT_VERSION = 3.0;
				TEST_TARGET_NAME = location2;
			};
			name = Release;
		};
/* End XCBuildConfiguration section */

/* Begin XCConfigurationList section */
		05DAD82C1DA5D19B002DFD55 /* Build configuration list for PBXProject "location2" */ = {
			isa = XCConfigurationList;
			buildConfigurations = (
				05DAD8571DA5D19B002DFD55 /* Debug */,
				05DAD8581DA5D19B002DFD55 /* Release */,
			);
			defaultConfigurationIsVisible = 0;
			defaultConfigurationName = Release;
		};
		05DAD8591DA5D19B002DFD55 /* Build configuration list for PBXNativeTarget "location2" */ = {
			isa = XCConfigurationList;
			buildConfigurations = (
				05DAD85A1DA5D19B002DFD55 /* Debug */,
				05DAD85B1DA5D19B002DFD55 /* Release */,
			);
			defaultConfigurationIsVisible = 0;
			defaultConfigurationName = Release;
		};
		05DAD85C1DA5D19B002DFD55 /* Build configuration list for PBXNativeTarget "location2Tests" */ = {
			isa = XCConfigurationList;
			buildConfigurations = (
				05DAD85D1DA5D19B002DFD55 /* Debug */,
				05DAD85E1DA5D19B002DFD55 /* Release */,
			);
			defaultConfigurationIsVisible = 0;
			defaultConfigurationName = Release;
		};
		05DAD85F1DA5D19B002DFD55 /* Build configuration list for PBXNativeTarget "location2UITests" */ = {
			isa = XCConfigurationList;
			buildConfigurations = (
				05DAD8601DA5D19B002DFD55 /* Debug */,
				05DAD8611DA5D19B002DFD55 /* Release */,
			);
			defaultConfigurationIsVisible = 0;
			defaultConfigurationName = Release;
		};
/* End XCConfigurationList section */
	};
	rootObject = 05DAD8291DA5D19B002DFD55 /* Project object */;
}
